{
  "name": "registration",
  "lockfileVersion": 2,
  "requires": true,
  "packages": {
    "": {
      "dependencies": {
        "bootstrap": "^5.1.3",
        "datatables.net-autofill-bs4": "^2.3.9",
        "datatables.net-bs4": "^1.11.3",
        "datatables.net-buttons-bs4": "^2.0.1",
        "datatables.net-colreorder-bs4": "^1.5.5",
        "datatables.net-fixedcolumns-bs4": "^4.0.1",
        "datatables.net-fixedheader-bs4": "^3.2.0",
        "datatables.net-keytable-bs4": "^2.6.4",
        "datatables.net-responsive-bs4": "^2.2.9",
        "datatables.net-rowgroup-bs4": "^1.1.4",
        "datatables.net-rowreorder-bs4": "^1.2.8",
        "datatables.net-scroller-bs4": "^2.0.5",
        "datatables.net-searchbuilder-bs4": "^1.3.0",
        "datatables.net-searchpanes-bs4": "^1.4.0",
        "datatables.net-select-bs4": "^1.3.3",
        "font-awesome": "^4.7.0",
        "jquery": "^3.6.0"
      }
    },
    "node_modules/@popperjs/core": {
      "version": "2.10.2",
      "resolved": "https://registry.npmjs.org/@popperjs/core/-/core-2.10.2.tgz",
      "integrity": "sha512-IXf3XA7+XyN7CP9gGh/XB0UxVMlvARGEgGXLubFICsUMGz6Q+DU+i4gGlpOxTjKvXjkJDJC8YdqdKkDj9qZHEQ==",
      "peer": true,
      "funding": {
        "type": "opencollective",
        "url": "https://opencollective.com/popperjs"
      }
    },
    "node_modules/bootstrap": {
      "version": "5.1.3",
      "resolved": "https://registry.npmjs.org/bootstrap/-/bootstrap-5.1.3.tgz",
      "integrity": "sha512-fcQztozJ8jToQWXxVuEyXWW+dSo8AiXWKwiSSrKWsRB/Qt+Ewwza+JWoLKiTuQLaEPhdNAJ7+Dosc9DOIqNy7Q==",
      "funding": {
        "type": "opencollective",
        "url": "https://opencollective.com/bootstrap"
      },
      "peerDependencies": {
        "@popperjs/core": "^2.10.2"
      }
    },
    "node_modules/datatables.net": {
      "version": "1.11.3",
      "resolved": "https://registry.npmjs.org/datatables.net/-/datatables.net-1.11.3.tgz",
      "integrity": "sha512-VMj5qEaTebpNurySkM6jy6sGpl+s6onPK8xJhYr296R/vUBnz1+id16NVqNf9z5aR076OGcpGHCuiTuy4E05oQ==",
      "dependencies": {
        "jquery": ">=1.7"
      }
    },
    "node_modules/datatables.net-autofill": {
      "version": "2.3.9",
      "resolved": "https://registry.npmjs.org/datatables.net-autofill/-/datatables.net-autofill-2.3.9.tgz",
      "integrity": "sha512-A1e+VaeRsiNkWgoxLJVT0qo4WEffVoLYdF6XiXtFa6kd+Hl29AixSn2F9wZNWrvHB5+d+LXj9kBlMi++c/kAAw==",
      "dependencies": {
        "datatables.net": ">=1.10.25",
        "jquery": ">=1.7"
      }
    },
    "node_modules/datatables.net-autofill-bs4": {
      "version": "2.3.9",
      "resolved": "https://registry.npmjs.org/datatables.net-autofill-bs4/-/datatables.net-autofill-bs4-2.3.9.tgz",
      "integrity": "sha512-R3loty1CNQxwokpRQ1AJHNTYaiuugoV0vuehsSVZtspbiCah/p/2f2vqJrEUami/3yJh7sLxFJemy3Y0fBHPOA==",
      "dependencies": {
        "datatables.net-autofill": ">=2.3.7",
        "datatables.net-bs4": ">=1.10.25",
        "jquery": ">=1.7"
      }
    },
    "node_modules/datatables.net-bs4": {
      "version": "1.11.3",
      "resolved": "https://registry.npmjs.org/datatables.net-bs4/-/datatables.net-bs4-1.11.3.tgz",
      "integrity": "sha512-UPT2F1nvZZzKJSSHb+3+bTeQy1ULLMT1BexBHCkh5PhMnAZNPbTEZD+6To1RCBfUF1rtPwIJTwJ+Jjjxy86xRw==",
      "dependencies": {
        "datatables.net": ">=1.10.25",
        "jquery": ">=1.7"
      }
    },
    "node_modules/datatables.net-buttons": {
      "version": "2.0.1",
      "resolved": "https://registry.npmjs.org/datatables.net-buttons/-/datatables.net-buttons-2.0.1.tgz",
      "integrity": "sha512-Vl64BZmBWCpenE2OB+DMnsl4FX/timC9KHvjxyLoCedfIWJcuwQxJ9netMXgsd9dfl7XLQfYn4S1ObgvrrZzsw==",
      "dependencies": {
        "datatables.net": ">=1.10.25",
        "jquery": ">=1.7"
      }
    },
    "node_modules/datatables.net-buttons-bs4": {
      "version": "2.0.1",
      "resolved": "https://registry.npmjs.org/datatables.net-buttons-bs4/-/datatables.net-buttons-bs4-2.0.1.tgz",
      "integrity": "sha512-wmW0NyvwzX5nFk8DnhZojaSH5Yjrn2fFNY6arubuifcBI8yYqPjIjkV3ImTYNRyIstg1BJAbKFesLzeTHm1F6A==",
      "dependencies": {
        "datatables.net-bs4": ">=1.10.25",
        "datatables.net-buttons": ">=1.7.1",
        "jquery": ">=1.7"
      }
    },
    "node_modules/datatables.net-colreorder": {
      "version": "1.5.5",
      "resolved": "https://registry.npmjs.org/datatables.net-colreorder/-/datatables.net-colreorder-1.5.5.tgz",
      "integrity": "sha512-AUwv5A/87I4hg7GY/WbhRrDhqng9b019jLvvKutHibSPCEtMDWqyNtuP0q8zYoquqU9UQ1/nqXLW/ld8TzIDYQ==",
      "dependencies": {
        "datatables.net": ">=1.11.3",
        "jquery": ">=1.7"
      }
    },
    "node_modules/datatables.net-colreorder-bs4": {
      "version": "1.5.5",
      "resolved": "https://registry.npmjs.org/datatables.net-colreorder-bs4/-/datatables.net-colreorder-bs4-1.5.5.tgz",
      "integrity": "sha512-MGAJ/k/FeSK2Kccio5k0oBRacBpmaIKP2wXYfC64ONZFjOFxKBSmFevfg7yPdipYdYDwoQqDnmw0MpdIL7UUug==",
      "dependencies": {
        "datatables.net-bs4": ">=1.11.3",
        "datatables.net-colreorder": ">=1.5.4",
        "jquery": ">=1.7"
      }
    },
    "node_modules/datatables.net-fixedcolumns": {
      "version": "4.0.1",
      "resolved": "https://registry.npmjs.org/datatables.net-fixedcolumns/-/datatables.net-fixedcolumns-4.0.1.tgz",
      "integrity": "sha512-Y1RpCyJThZ2XS/Ir7rIi4MychTmX1hrbIPasTpMBsKca3ab/LwGKk09/+5f/G2Tkp6nZ8CjhRdg03TOmrDckfQ==",
      "dependencies": {
        "datatables.net": ">=1.11.3",
        "jquery": ">=1.7"
      }
    },
    "node_modules/datatables.net-fixedcolumns-bs4": {
      "version": "4.0.1",
      "resolved": "https://registry.npmjs.org/datatables.net-fixedcolumns-bs4/-/datatables.net-fixedcolumns-bs4-4.0.1.tgz",
      "integrity": "sha512-6dDqFCHnEe04L5UY8CrfsDcBk8jAmQmz/6paY5hy0bx5FlZltla9Pv8zYCUo0DlAcjrQ2Z/ZCGOZW8mVyRTOMg==",
      "dependencies": {
        "datatables.net-bs4": ">=1.11.3",
        "datatables.net-fixedcolumns": ">=4.0.0",
        "jquery": ">=1.7"
      }
    },
    "node_modules/datatables.net-fixedheader": {
      "version": "3.2.0",
      "resolved": "https://registry.npmjs.org/datatables.net-fixedheader/-/datatables.net-fixedheader-3.2.0.tgz",
      "integrity": "sha512-p8GfXhOLBv94uFmgUSKthNw1Sd9szBMqEHHe0DwRsbBR/4WworYzaeysy45HPoBh1tL6abWZC7gW6I4nLGtzlQ==",
      "dependencies": {
        "datatables.net": ">=1.10.25",
        "jquery": ">=1.7"
      }
    },
    "node_modules/datatables.net-fixedheader-bs4": {
      "version": "3.2.0",
      "resolved": "https://registry.npmjs.org/datatables.net-fixedheader-bs4/-/datatables.net-fixedheader-bs4-3.2.0.tgz",
      "integrity": "sha512-Y0Nk3KB3cvtE2G5qBSe0nfrzSfrhxG47crYZcni8l1uewT/bkHn5VrJxXF3HT3hnuUpWTLhBvbJD3fmwRgPljg==",
      "dependencies": {
        "datatables.net-bs4": ">=1.10.25",
        "datatables.net-fixedheader": ">=3.1.9",
        "jquery": ">=1.7"
      }
    },
    "node_modules/datatables.net-keytable": {
      "version": "2.6.4",
      "resolved": "https://registry.npmjs.org/datatables.net-keytable/-/datatables.net-keytable-2.6.4.tgz",
      "integrity": "sha512-84ldg8S3rAzHKJw4inz/a4lWUWaVhrSrH16+zO9sxUdBgT+rTTjx7aN5d3JwrdroEYB3z2uWfd0MOxNlNXeuUQ==",
      "dependencies": {
        "datatables.net": ">=1.10.25",
        "jquery": ">=1.7"
      }
    },
    "node_modules/datatables.net-keytable-bs4": {
      "version": "2.6.4",
      "resolved": "https://registry.npmjs.org/datatables.net-keytable-bs4/-/datatables.net-keytable-bs4-2.6.4.tgz",
      "integrity": "sha512-eB10kvSY7OpuI6efqqJyIUyXHY8FIEyTjG+i6w2NVkiTLFHG4P+5L1a4/hZxciGUwVirAxX+3YXW1SrWwb9IKQ==",
      "dependencies": {
        "datatables.net-bs4": ">=1.10.25",
        "datatables.net-keytable": ">=2.6.2",
        "jquery": ">=1.7"
      }
    },
    "node_modules/datatables.net-responsive": {
      "version": "2.2.9",
      "resolved": "https://registry.npmjs.org/datatables.net-responsive/-/datatables.net-responsive-2.2.9.tgz",
      "integrity": "sha512-C+mOY/mG17zzaYPtgqAOsC4JlGddGkKmO/ADNEtNZ41bcPV1/3jJzkOWT3DCZ400NmkXLDz4WObWlPT8WCgfzg==",
      "dependencies": {
        "datatables.net": "^1.10.15",
        "jquery": ">=1.7"
      }
    },
    "node_modules/datatables.net-responsive-bs4": {
      "version": "2.2.9",
      "resolved": "https://registry.npmjs.org/datatables.net-responsive-bs4/-/datatables.net-responsive-bs4-2.2.9.tgz",
      "integrity": "sha512-f6MS0aL7XqjYcFSjup/JRDezbK3cCYFjAB+4vl8dwnGqRP13xwTjXiNqlrRT+fhJJzTQhaHveRpvFUn1qsyn7g==",
      "dependencies": {
        "datatables.net-bs4": "^1.10.15",
        "datatables.net-responsive": "2.2.9",
        "jquery": ">=1.7"
      }
    },
    "node_modules/datatables.net-rowgroup": {
      "version": "1.1.4",
      "resolved": "https://registry.npmjs.org/datatables.net-rowgroup/-/datatables.net-rowgroup-1.1.4.tgz",
      "integrity": "sha512-Oe9mL3X8RXLOQZblJVWTYD0melyw3xoPeQ3T2x1k2guTFxob8/2caKuzn95oFJau6tvbhsvY/QneTaCzHRKnnQ==",
      "dependencies": {
        "datatables.net": ">=1.11.3",
        "jquery": ">=1.7"
      }
    },
    "node_modules/datatables.net-rowgroup-bs4": {
      "version": "1.1.4",
      "resolved": "https://registry.npmjs.org/datatables.net-rowgroup-bs4/-/datatables.net-rowgroup-bs4-1.1.4.tgz",
      "integrity": "sha512-D0+LxraRjvV1RpPNtXJuW9Z4Jn90Sykb7ytJC/5eJsEYc9WnLUvxWEok7fqPpl3dWphQKg5ZbWpKG55Gd1IIXA==",
      "dependencies": {
        "datatables.net-bs4": ">=1.11.3",
        "datatables.net-rowgroup": ">=1.1.3",
        "jquery": ">=1.7"
      }
    },
    "node_modules/datatables.net-rowreorder": {
      "version": "1.2.8",
      "resolved": "https://registry.npmjs.org/datatables.net-rowreorder/-/datatables.net-rowreorder-1.2.8.tgz",
      "integrity": "sha512-gFNKMa5DtigbjhSs96ZKT3uICC1z87EuLUIYLVPEXHc7v/WVOiQ3AaRvIQtExORPi/jQzxEoO5wO9UGZ0ldsUQ==",
      "dependencies": {
        "datatables.net": "^1.10.15",
        "jquery": ">=1.7"
      }
    },
    "node_modules/datatables.net-rowreorder-bs4": {
      "version": "1.2.8",
      "resolved": "https://registry.npmjs.org/datatables.net-rowreorder-bs4/-/datatables.net-rowreorder-bs4-1.2.8.tgz",
      "integrity": "sha512-9J36fc/Ywdy9o5SkX+ZLMXYwcKGC+wa1RAiNRFywxT3u5nBrLvcDlOnYLBNae5XO1wBr/3jbj9ka/ZWyd9hnVg==",
      "dependencies": {
        "datatables.net-bs4": "^1.10.15",
        "datatables.net-rowreorder": "1.2.8",
        "jquery": ">=1.7"
      }
    },
    "node_modules/datatables.net-scroller": {
      "version": "2.0.5",
      "resolved": "https://registry.npmjs.org/datatables.net-scroller/-/datatables.net-scroller-2.0.5.tgz",
      "integrity": "sha512-gXxQcbUgDURcxGUCIj+5YBepJJcWWGJgFlewGy/odaAi+H1Ol8TKcXoQD20y2zcO7l5DWEbzNwHwN0bciBONPw==",
      "dependencies": {
        "datatables.net": ">=1.10.25",
        "jquery": ">=1.7"
      }
    },
    "node_modules/datatables.net-scroller-bs4": {
      "version": "2.0.5",
      "resolved": "https://registry.npmjs.org/datatables.net-scroller-bs4/-/datatables.net-scroller-bs4-2.0.5.tgz",
      "integrity": "sha512-NtAECXBBNsxKo8ocJxkkNcP7AIIwET5lK8/ZyzI+zhjnj8zac5IyiDmfKuBrX9UNzee1o5Yrhn2tsz06olz6Pw==",
      "dependencies": {
        "datatables.net-bs4": ">=1.10.25",
        "datatables.net-scroller": ">=2.0.4",
        "jquery": ">=1.7"
      }
    },
    "node_modules/datatables.net-searchbuilder": {
      "version": "1.3.0",
      "resolved": "https://registry.npmjs.org/datatables.net-searchbuilder/-/datatables.net-searchbuilder-1.3.0.tgz",
      "integrity": "sha512-qks7lT8Rxeh/D7N7xlZLqKzO4CE3j+dHU+J0v8CqV4/6XIIRs+NROi+3/jmtwkx6GbdzYtRNHuOTCAVH4lQ6ZA==",
      "dependencies": {
        "datatables.net": ">=1.11.3",
        "jquery": ">=1.7"
      }
    },
    "node_modules/datatables.net-searchbuilder-bs4": {
      "version": "1.3.0",
      "resolved": "https://registry.npmjs.org/datatables.net-searchbuilder-bs4/-/datatables.net-searchbuilder-bs4-1.3.0.tgz",
      "integrity": "sha512-rFEQzL4C09upfv19Bqfy9MA9Tw4Zaj1xnqN0UtRFnOtnXLkg0kTKYr6XRQJ26EllR/73VGE1PFkl6URES4MbiQ==",
      "dependencies": {
        "datatables.net-bs4": ">=1.11.3",
        "datatables.net-searchbuilder": ">=1.2.2",
        "jquery": ">=1.7"
      }
    },
    "node_modules/datatables.net-searchpanes": {
      "version": "1.4.0",
      "resolved": "https://registry.npmjs.org/datatables.net-searchpanes/-/datatables.net-searchpanes-1.4.0.tgz",
      "integrity": "sha512-97elV0u2wVosnSq2wS2LXJK3VFEqHKD1o2lz6DnxIobX+OcCD2Y4hKCobp/WFU7TmS20XxydTSoNOZIwTK4E0g==",
      "dependencies": {
        "datatables.net": ">=1.10.25",
        "jquery": ">=1.7"
      }
    },
    "node_modules/datatables.net-searchpanes-bs4": {
      "version": "1.4.0",
      "resolved": "https://registry.npmjs.org/datatables.net-searchpanes-bs4/-/datatables.net-searchpanes-bs4-1.4.0.tgz",
      "integrity": "sha512-Floxzmw2cQkUQdI7Vv4IWtLqLmwPrmY6MPncbEWq4YvkSeaZW7OHzSmZLLUjMn2P6Huvz59WUVcwL0lSDui6GQ==",
      "dependencies": {
        "datatables.net-bs4": ">=1.10.25",
        "datatables.net-searchpanes": ">=1.3.0",
        "jquery": ">=1.7"
      }
    },
    "node_modules/datatables.net-select": {
      "version": "1.3.3",
      "resolved": "https://registry.npmjs.org/datatables.net-select/-/datatables.net-select-1.3.3.tgz",
      "integrity": "sha512-M4e9Qx790IPt+tc+CLgk7gPram3i+M2OmhIkhIpp7RcZ2Ay4App4ouQZcEx3j1MTRIWxtOz47xjpWrwVfJ23YQ==",
      "dependencies": {
        "datatables.net": "^1.10.15",
        "jquery": ">=1.7"
      }
    },
    "node_modules/datatables.net-select-bs4": {
      "version": "1.3.3",
      "resolved": "https://registry.npmjs.org/datatables.net-select-bs4/-/datatables.net-select-bs4-1.3.3.tgz",
      "integrity": "sha512-jXYNXoDPXQOMvJtIOmy8kiVbiSVJvwQIWUu5dNRAGLWBsCjReukjI7lhaljRocKvfrYam2zw9Z16XDz8nzxTDQ==",
      "dependencies": {
        "datatables.net-bs4": "^1.10.15",
        "datatables.net-select": "1.3.3",
        "jquery": ">=1.7"
      }
    },
    "node_modules/font-awesome": {
      "version": "4.7.0",
      "resolved": "https://registry.npmjs.org/font-awesome/-/font-awesome-4.7.0.tgz",
      "integrity": "sha1-j6jPBBGhoxr9B7BtKQK7n8gVoTM=",
      "engines": {
        "node": ">=0.10.3"
      }
    },
    "node_modules/jquery": {
      "version": "3.6.0",
      "resolved": "https://registry.npmjs.org/jquery/-/jquery-3.6.0.tgz",
      "integrity": "sha512-JVzAR/AjBvVt2BmYhxRCSYysDsPcssdmTFnzyLEts9qNwmjmu4JTAMYubEfwVOSwpQ1I1sKKFcxhZCI2buerfw=="
    }
  },
  "dependencies": {
    "@popperjs/core": {
      "version": "2.10.2",
      "resolved": "https://registry.npmjs.org/@popperjs/core/-/core-2.10.2.tgz",
      "integrity": "sha512-IXf3XA7+XyN7CP9gGh/XB0UxVMlvARGEgGXLubFICsUMGz6Q+DU+i4gGlpOxTjKvXjkJDJC8YdqdKkDj9qZHEQ==",
      "peer": true
    },
    "bootstrap": {
      "version": "5.1.3",
      "resolved": "https://registry.npmjs.org/bootstrap/-/bootstrap-5.1.3.tgz",
      "integrity": "sha512-fcQztozJ8jToQWXxVuEyXWW+dSo8AiXWKwiSSrKWsRB/Qt+Ewwza+JWoLKiTuQLaEPhdNAJ7+Dosc9DOIqNy7Q==",
      "requires": {}
    },
    "datatables.net": {
      "version": "1.11.3",
      "resolved": "https://registry.npmjs.org/datatables.net/-/datatables.net-1.11.3.tgz",
      "integrity": "sha512-VMj5qEaTebpNurySkM6jy6sGpl+s6onPK8xJhYr296R/vUBnz1+id16NVqNf9z5aR076OGcpGHCuiTuy4E05oQ==",
      "requires": {
        "jquery": ">=1.7"
      }
    },
    "datatables.net-autofill": {
      "version": "2.3.9",
      "resolved": "https://registry.npmjs.org/datatables.net-autofill/-/datatables.net-autofill-2.3.9.tgz",
      "integrity": "sha512-A1e+VaeRsiNkWgoxLJVT0qo4WEffVoLYdF6XiXtFa6kd+Hl29AixSn2F9wZNWrvHB5+d+LXj9kBlMi++c/kAAw==",
      "requires": {
        "datatables.net": ">=1.10.25",
        "jquery": ">=1.7"
      }
    },
    "datatables.net-autofill-bs4": {
      "version": "2.3.9",
      "resolved": "https://registry.npmjs.org/datatables.net-autofill-bs4/-/datatables.net-autofill-bs4-2.3.9.tgz",
      "integrity": "sha512-R3loty1CNQxwokpRQ1AJHNTYaiuugoV0vuehsSVZtspbiCah/p/2f2vqJrEUami/3yJh7sLxFJemy3Y0fBHPOA==",
      "requires": {
        "datatables.net-autofill": ">=2.3.7",
        "datatables.net-bs4": ">=1.10.25",
        "jquery": ">=1.7"
      }
    },
    "datatables.net-bs4": {
      "version": "1.11.3",
      "resolved": "https://registry.npmjs.org/datatables.net-bs4/-/datatables.net-bs4-1.11.3.tgz",
      "integrity": "sha512-UPT2F1nvZZzKJSSHb+3+bTeQy1ULLMT1BexBHCkh5PhMnAZNPbTEZD+6To1RCBfUF1rtPwIJTwJ+Jjjxy86xRw==",
      "requires": {
        "datatables.net": ">=1.10.25",
        "jquery": ">=1.7"
      }
    },
    "datatables.net-buttons": {
      "version": "2.0.1",
      "resolved": "https://registry.npmjs.org/datatables.net-buttons/-/datatables.net-buttons-2.0.1.tgz",
      "integrity": "sha512-Vl64BZmBWCpenE2OB+DMnsl4FX/timC9KHvjxyLoCedfIWJcuwQxJ9netMXgsd9dfl7XLQfYn4S1ObgvrrZzsw==",
      "requires": {
        "datatables.net": ">=1.10.25",
        "jquery": ">=1.7"
      }
    },
    "datatables.net-buttons-bs4": {
      "version": "2.0.1",
      "resolved": "https://registry.npmjs.org/datatables.net-buttons-bs4/-/datatables.net-buttons-bs4-2.0.1.tgz",
      "integrity": "sha512-wmW0NyvwzX5nFk8DnhZojaSH5Yjrn2fFNY6arubuifcBI8yYqPjIjkV3ImTYNRyIstg1BJAbKFesLzeTHm1F6A==",
      "requires": {
        "datatables.net-bs4": ">=1.10.25",
        "datatables.net-buttons": ">=1.7.1",
        "jquery": ">=1.7"
      }
    },
    "datatables.net-colreorder": {
      "version": "1.5.5",
      "resolved": "https://registry.npmjs.org/datatables.net-colreorder/-/datatables.net-colreorder-1.5.5.tgz",
      "integrity": "sha512-AUwv5A/87I4hg7GY/WbhRrDhqng9b019jLvvKutHibSPCEtMDWqyNtuP0q8zYoquqU9UQ1/nqXLW/ld8TzIDYQ==",
      "requires": {
        "datatables.net": ">=1.11.3",
        "jquery": ">=1.7"
      }
    },
    "datatables.net-colreorder-bs4": {
      "version": "1.5.5",
      "resolved": "https://registry.npmjs.org/datatables.net-colreorder-bs4/-/datatables.net-colreorder-bs4-1.5.5.tgz",
      "integrity": "sha512-MGAJ/k/FeSK2Kccio5k0oBRacBpmaIKP2wXYfC64ONZFjOFxKBSmFevfg7yPdipYdYDwoQqDnmw0MpdIL7UUug==",
      "requires": {
        "datatables.net-bs4": ">=1.11.3",
        "datatables.net-colreorder": ">=1.5.4",
        "jquery": ">=1.7"
      }
    },
    "datatables.net-fixedcolumns": {
      "version": "4.0.1",
      "resolved": "https://registry.npmjs.org/datatables.net-fixedcolumns/-/datatables.net-fixedcolumns-4.0.1.tgz",
      "integrity": "sha512-Y1RpCyJThZ2XS/Ir7rIi4MychTmX1hrbIPasTpMBsKca3ab/LwGKk09/+5f/G2Tkp6nZ8CjhRdg03TOmrDckfQ==",
      "requires": {
        "datatables.net": ">=1.11.3",
        "jquery": ">=1.7"
      }
    },
    "datatables.net-fixedcolumns-bs4": {
      "version": "4.0.1",
      "resolved": "https://registry.npmjs.org/datatables.net-fixedcolumns-bs4/-/datatables.net-fixedcolumns-bs4-4.0.1.tgz",
      "integrity": "sha512-6dDqFCHnEe04L5UY8CrfsDcBk8jAmQmz/6paY5hy0bx5FlZltla9Pv8zYCUo0DlAcjrQ2Z/ZCGOZW8mVyRTOMg==",
      "requires": {
        "datatables.net-bs4": ">=1.11.3",
        "datatables.net-fixedcolumns": ">=4.0.0",
        "jquery": ">=1.7"
      }
    },
    "datatables.net-fixedheader": {
      "version": "3.2.0",
      "resolved": "https://registry.npmjs.org/datatables.net-fixedheader/-/datatables.net-fixedheader-3.2.0.tgz",
      "integrity": "sha512-p8GfXhOLBv94uFmgUSKthNw1Sd9szBMqEHHe0DwRsbBR/4WworYzaeysy45HPoBh1tL6abWZC7gW6I4nLGtzlQ==",
      "requires": {
        "datatables.net": ">=1.10.25",
        "jquery": ">=1.7"
      }
    },
    "datatables.net-fixedheader-bs4": {
      "version": "3.2.0",
      "resolved": "https://registry.npmjs.org/datatables.net-fixedheader-bs4/-/datatables.net-fixedheader-bs4-3.2.0.tgz",
      "integrity": "sha512-Y0Nk3KB3cvtE2G5qBSe0nfrzSfrhxG47crYZcni8l1uewT/bkHn5VrJxXF3HT3hnuUpWTLhBvbJD3fmwRgPljg==",
      "requires": {
        "datatables.net-bs4": ">=1.10.25",
        "datatables.net-fixedheader": ">=3.1.9",
        "jquery": ">=1.7"
      }
    },
    "datatables.net-keytable": {
      "version": "2.6.4",
      "resolved": "https://registry.npmjs.org/datatables.net-keytable/-/datatables.net-keytable-2.6.4.tgz",
      "integrity": "sha512-84ldg8S3rAzHKJw4inz/a4lWUWaVhrSrH16+zO9sxUdBgT+rTTjx7aN5d3JwrdroEYB3z2uWfd0MOxNlNXeuUQ==",
      "requires": {
        "datatables.net": ">=1.10.25",
        "jquery": ">=1.7"
      }
    },
    "datatables.net-keytable-bs4": {
      "version": "2.6.4",
      "resolved": "https://registry.npmjs.org/datatables.net-keytable-bs4/-/datatables.net-keytable-bs4-2.6.4.tgz",
      "integrity": "sha512-eB10kvSY7OpuI6efqqJyIUyXHY8FIEyTjG+i6w2NVkiTLFHG4P+5L1a4/hZxciGUwVirAxX+3YXW1SrWwb9IKQ==",
      "requires": {
        "datatables.net-bs4": ">=1.10.25",
        "datatables.net-keytable": ">=2.6.2",
        "jquery": ">=1.7"
      }
    },
    "datatables.net-responsive": {
      "version": "2.2.9",
      "resolved": "https://registry.npmjs.org/datatables.net-responsive/-/datatables.net-responsive-2.2.9.tgz",
      "integrity": "sha512-C+mOY/mG17zzaYPtgqAOsC4JlGddGkKmO/ADNEtNZ41bcPV1/3jJzkOWT3DCZ400NmkXLDz4WObWlPT8WCgfzg==",
      "requires": {
        "datatables.net": "^1.10.15",
        "jquery": ">=1.7"
      }
    },
    "datatables.net-responsive-bs4": {
      "version": "2.2.9",
      "resolved": "https://registry.npmjs.org/datatables.net-responsive-bs4/-/datatables.net-responsive-bs4-2.2.9.tgz",
      "integrity": "sha512-f6MS0aL7XqjYcFSjup/JRDezbK3cCYFjAB+4vl8dwnGqRP13xwTjXiNqlrRT+fhJJzTQhaHveRpvFUn1qsyn7g==",
      "requires": {
        "datatables.net-bs4": "^1.10.15",
        "datatables.net-responsive": "2.2.9",
        "jquery": ">=1.7"
      }
    },
    "datatables.net-rowgroup": {
      "version": "1.1.4",
      "resolved": "https://registry.npmjs.org/datatables.net-rowgroup/-/datatables.net-rowgroup-1.1.4.tgz",
      "integrity": "sha512-Oe9mL3X8RXLOQZblJVWTYD0melyw3xoPeQ3T2x1k2guTFxob8/2caKuzn95oFJau6tvbhsvY/QneTaCzHRKnnQ==",
      "requires": {
        "datatables.net": ">=1.11.3",
        "jquery": ">=1.7"
      }
    },
    "datatables.net-rowgroup-bs4": {
      "version": "1.1.4",
      "resolved": "https://registry.npmjs.org/datatables.net-rowgroup-bs4/-/datatables.net-rowgroup-bs4-1.1.4.tgz",
      "integrity": "sha512-D0+LxraRjvV1RpPNtXJuW9Z4Jn90Sykb7ytJC/5eJsEYc9WnLUvxWEok7fqPpl3dWphQKg5ZbWpKG55Gd1IIXA==",
      "requires": {
        "datatables.net-bs4": ">=1.11.3",
        "datatables.net-rowgroup": ">=1.1.3",
        "jquery": ">=1.7"
      }
    },
    "datatables.net-rowreorder": {
      "version": "1.2.8",
      "resolved": "https://registry.npmjs.org/datatables.net-rowreorder/-/datatables.net-rowreorder-1.2.8.tgz",
      "integrity": "sha512-gFNKMa5DtigbjhSs96ZKT3uICC1z87EuLUIYLVPEXHc7v/WVOiQ3AaRvIQtExORPi/jQzxEoO5wO9UGZ0ldsUQ==",
      "requires": {
        "datatables.net": "^1.10.15",
        "jquery": ">=1.7"
      }
    },
    "datatables.net-rowreorder-bs4": {
      "version": "1.2.8",
      "resolved": "https://registry.npmjs.org/datatables.net-rowreorder-bs4/-/datatables.net-rowreorder-bs4-1.2.8.tgz",
      "integrity": "sha512-9J36fc/Ywdy9o5SkX+ZLMXYwcKGC+wa1RAiNRFywxT3u5nBrLvcDlOnYLBNae5XO1wBr/3jbj9ka/ZWyd9hnVg==",
      "requires": {
        "datatables.net-bs4": "^1.10.15",
        "datatables.net-rowreorder": "1.2.8",
        "jquery": ">=1.7"
      }
    },
    "datatables.net-scroller": {
      "version": "2.0.5",
      "resolved": "https://registry.npmjs.org/datatables.net-scroller/-/datatables.net-scroller-2.0.5.tgz",
      "integrity": "sha512-gXxQcbUgDURcxGUCIj+5YBepJJcWWGJgFlewGy/odaAi+H1Ol8TKcXoQD20y2zcO7l5DWEbzNwHwN0bciBONPw==",
      "requires": {
        "datatables.net": ">=1.10.25",
        "jquery": ">=1.7"
      }
    },
    "datatables.net-scroller-bs4": {
      "version": "2.0.5",
      "resolved": "https://registry.npmjs.org/datatables.net-scroller-bs4/-/datatables.net-scroller-bs4-2.0.5.tgz",
      "integrity": "sha512-NtAECXBBNsxKo8ocJxkkNcP7AIIwET5lK8/ZyzI+zhjnj8zac5IyiDmfKuBrX9UNzee1o5Yrhn2tsz06olz6Pw==",
      "requires": {
        "datatables.net-bs4": ">=1.10.25",
        "datatables.net-scroller": ">=2.0.4",
        "jquery": ">=1.7"
      }
    },
    "datatables.net-searchbuilder": {
      "version": "1.3.0",
      "resolved": "https://registry.npmjs.org/datatables.net-searchbuilder/-/datatables.net-searchbuilder-1.3.0.tgz",
      "integrity": "sha512-qks7lT8Rxeh/D7N7xlZLqKzO4CE3j+dHU+J0v8CqV4/6XIIRs+NROi+3/jmtwkx6GbdzYtRNHuOTCAVH4lQ6ZA==",
      "requires": {
        "datatables.net": ">=1.11.3",
        "jquery": ">=1.7"
      }
    },
    "datatables.net-searchbuilder-bs4": {
      "version": "1.3.0",
      "resolved": "https://registry.npmjs.org/datatables.net-searchbuilder-bs4/-/datatables.net-searchbuilder-bs4-1.3.0.tgz",
      "integrity": "sha512-rFEQzL4C09upfv19Bqfy9MA9Tw4Zaj1xnqN0UtRFnOtnXLkg0kTKYr6XRQJ26EllR/73VGE1PFkl6URES4MbiQ==",
      "requires": {
        "datatables.net-bs4": ">=1.11.3",
        "datatables.net-searchbuilder": ">=1.2.2",
        "jquery": ">=1.7"
      }
    },
    "datatables.net-searchpanes": {
      "version": "1.4.0",
      "resolved": "https://registry.npmjs.org/datatables.net-searchpanes/-/datatables.net-searchpanes-1.4.0.tgz",
      "integrity": "sha512-97elV0u2wVosnSq2wS2LXJK3VFEqHKD1o2lz6DnxIobX+OcCD2Y4hKCobp/WFU7TmS20XxydTSoNOZIwTK4E0g==",
      "requires": {
        "datatables.net": ">=1.10.25",
        "jquery": ">=1.7"
      }
    },
    "datatables.net-searchpanes-bs4": {
      "version": "1.4.0",
      "resolved": "https://registry.npmjs.org/datatables.net-searchpanes-bs4/-/datatables.net-searchpanes-bs4-1.4.0.tgz",
      "integrity": "sha512-Floxzmw2cQkUQdI7Vv4IWtLqLmwPrmY6MPncbEWq4YvkSeaZW7OHzSmZLLUjMn2P6Huvz59WUVcwL0lSDui6GQ==",
      "requires": {
        "datatables.net-bs4": ">=1.10.25",
        "datatables.net-searchpanes": ">=1.3.0",
        "jquery": ">=1.7"
      }
    },
    "datatables.net-select": {
      "version": "1.3.3",
      "resolved": "https://registry.npmjs.org/datatables.net-select/-/datatables.net-select-1.3.3.tgz",
      "integrity": "sha512-M4e9Qx790IPt+tc+CLgk7gPram3i+M2OmhIkhIpp7RcZ2Ay4App4ouQZcEx3j1MTRIWxtOz47xjpWrwVfJ23YQ==",
      "requires": {
        "datatables.net": "^1.10.15",
        "jquery": ">=1.7"
      }
    },
    "datatables.net-select-bs4": {
      "version": "1.3.3",
      "resolved": "https://registry.npmjs.org/datatables.net-select-bs4/-/datatables.net-select-bs4-1.3.3.tgz",
      "integrity": "sha512-jXYNXoDPXQOMvJtIOmy8kiVbiSVJvwQIWUu5dNRAGLWBsCjReukjI7lhaljRocKvfrYam2zw9Z16XDz8nzxTDQ==",
      "requires": {
        "datatables.net-bs4": "^1.10.15",
        "datatables.net-select": "1.3.3",
        "jquery": ">=1.7"
      }
    },
    "font-awesome": {
      "version": "4.7.0",
      "resolved": "https://registry.npmjs.org/font-awesome/-/font-awesome-4.7.0.tgz",
      "integrity": "sha1-j6jPBBGhoxr9B7BtKQK7n8gVoTM="
    },
    "jquery": {
      "version": "3.6.0",
      "resolved": "https://registry.npmjs.org/jquery/-/jquery-3.6.0.tgz",
      "integrity": "sha512-JVzAR/AjBvVt2BmYhxRCSYysDsPcssdmTFnzyLEts9qNwmjmu4JTAMYubEfwVOSwpQ1I1sKKFcxhZCI2buerfw=="
    }
  }
}
